
Microsoft Visual Studio Solution File, Format Version 11.00
# Visual Studio 2010
Project("{FAE04EC0-301F-11D3-BF4B-00C04F79EFBC}") = "ReadExcel", "ReadExcel\ReadExcel.csproj", "{CB20A6B4-62B1-45CD-BD28-C4285A339792}"
EndProject
Global
	GlobalSection(SolutionConfigurationPlatforms) = preSolution
		Debug|x86 = Debug|x86
		Release|x86 = Release|x86
	EndGlobalSection
	GlobalSection(ProjectConfigurationPlatforms) = postSolution
		{CB20A6B4-62B1-45CD-BD28-C4285A339792}.Debug|x86.ActiveCfg = Debug|x86
		{CB20A6B4-62B1-45CD-BD28-C4285A339792}.Debug|x86.Build.0 = Debug|x86
		{CB20A6B4-62B1-45CD-BD28-C4285A339792}.Release|x86.ActiveCfg = Release|x86
		{CB20A6B4-62B1-45CD-BD28-C4285A339792}.Release|x86.Build.0 = Release|x86
	EndGlobalSection
	GlobalSection(SolutionProperties) = preSolution
		HideSolutionNode = FALSE
	EndGlobalSection
EndGlobal
