
Microsoft Visual Studio Solution File, Format Version 11.00
# Visual Studio 2010
Project("{FAE04EC0-301F-11D3-BF4B-00C04F79EFBC}") = "ReStartService", "WindowsService1\ReStartService.csproj", "{D2C6BA54-DDCF-4560-8BC2-939F872B3537}"
EndProject
Project("{54435603-DBB4-11D2-8724-00A0C9A8B90C}") = "Setup1", "Setup1\Setup1.vdproj", "{F90FE552-127A-49F8-ACEC-E52A56C68838}"
EndProject
Global
	GlobalSection(SolutionConfigurationPlatforms) = preSolution
		Debug|x86 = Debug|x86
		Release|x86 = Release|x86
	EndGlobalSection
	GlobalSection(ProjectConfigurationPlatforms) = postSolution
		{D2C6BA54-DDCF-4560-8BC2-939F872B3537}.Debug|x86.ActiveCfg = Debug|x86
		{D2C6BA54-DDCF-4560-8BC2-939F872B3537}.Debug|x86.Build.0 = Debug|x86
		{D2C6BA54-DDCF-4560-8BC2-939F872B3537}.Release|x86.ActiveCfg = Release|x86
		{D2C6BA54-DDCF-4560-8BC2-939F872B3537}.Release|x86.Build.0 = Release|x86
		{F90FE552-127A-49F8-ACEC-E52A56C68838}.Debug|x86.ActiveCfg = Debug
		{F90FE552-127A-49F8-ACEC-E52A56C68838}.Release|x86.ActiveCfg = Release
	EndGlobalSection
	GlobalSection(SolutionProperties) = preSolution
		HideSolutionNode = FALSE
	EndGlobalSection
EndGlobal
